
Microsoft Visual Studio Solution File, Format Version 12.00
# Visual Studio Version 16
VisualStudioVersion = 16.0.29215.179
MinimumVisualStudioVersion = 10.0.40219.1
Project("{FAE04EC0-301F-11D3-BF4B-00C04F79EFBC}") = "MyOnlineNotesWebApp", "MyOnlineNotesWebApp\MyOnlineNotesWebApp.csproj", "{B9EAFB1C-772A-473D-A575-99AE5AAAA900}"
EndProject
Project("{FAE04EC0-301F-11D3-BF4B-00C04F79EFBC}") = "MyOnlineNotes.BusinessLayer", "ClassLibrary1\MyOnlineNotes.BusinessLayer.csproj", "{141A0E40-200D-4A8E-BCD9-932A44BD0558}"
EndProject
Project("{FAE04EC0-301F-11D3-BF4B-00C04F79EFBC}") = "MyOnlineNotes.DataAccessLayer", "MyOnlineNotes.DataAccessLaye\MyOnlineNotes.DataAccessLayer.csproj", "{64B17210-396F-4419-A38D-550DDFB64206}"
EndProject
Project("{FAE04EC0-301F-11D3-BF4B-00C04F79EFBC}") = "MyOnlineNotesEntities", "MyOnlineNotesEntitie\MyOnlineNotesEntities.csproj", "{89D5B703-9CCD-41CE-898C-C7924E80D664}"
EndProject
Global
	GlobalSection(SolutionConfigurationPlatforms) = preSolution
		Debug|Any CPU = Debug|Any CPU
		Release|Any CPU = Release|Any CPU
	EndGlobalSection
	GlobalSection(ProjectConfigurationPlatforms) = postSolution
		{B9EAFB1C-772A-473D-A575-99AE5AAAA900}.Debug|Any CPU.ActiveCfg = Debug|Any CPU
		{B9EAFB1C-772A-473D-A575-99AE5AAAA900}.Debug|Any CPU.Build.0 = Debug|Any CPU
		{B9EAFB1C-772A-473D-A575-99AE5AAAA900}.Release|Any CPU.ActiveCfg = Release|Any CPU
		{B9EAFB1C-772A-473D-A575-99AE5AAAA900}.Release|Any CPU.Build.0 = Release|Any CPU
		{141A0E40-200D-4A8E-BCD9-932A44BD0558}.Debug|Any CPU.ActiveCfg = Debug|Any CPU
		{141A0E40-200D-4A8E-BCD9-932A44BD0558}.Debug|Any CPU.Build.0 = Debug|Any CPU
		{141A0E40-200D-4A8E-BCD9-932A44BD0558}.Release|Any CPU.ActiveCfg = Release|Any CPU
		{141A0E40-200D-4A8E-BCD9-932A44BD0558}.Release|Any CPU.Build.0 = Release|Any CPU
		{64B17210-396F-4419-A38D-550DDFB64206}.Debug|Any CPU.ActiveCfg = Debug|Any CPU
		{64B17210-396F-4419-A38D-550DDFB64206}.Debug|Any CPU.Build.0 = Debug|Any CPU
		{64B17210-396F-4419-A38D-550DDFB64206}.Release|Any CPU.ActiveCfg = Release|Any CPU
		{64B17210-396F-4419-A38D-550DDFB64206}.Release|Any CPU.Build.0 = Release|Any CPU
		{89D5B703-9CCD-41CE-898C-C7924E80D664}.Debug|Any CPU.ActiveCfg = Debug|Any CPU
		{89D5B703-9CCD-41CE-898C-C7924E80D664}.Debug|Any CPU.Build.0 = Debug|Any CPU
		{89D5B703-9CCD-41CE-898C-C7924E80D664}.Release|Any CPU.ActiveCfg = Release|Any CPU
		{89D5B703-9CCD-41CE-898C-C7924E80D664}.Release|Any CPU.Build.0 = Release|Any CPU
	EndGlobalSection
	GlobalSection(SolutionProperties) = preSolution
		HideSolutionNode = FALSE
	EndGlobalSection
	GlobalSection(ExtensibilityGlobals) = postSolution
		SolutionGuid = {1C2FFB5F-25BE-4BB7-86FA-3E664F0A01EB}
	EndGlobalSection
EndGlobal
